// !$*UTF8*$!
{
	archiveVersion = 1;
	classes = {
	};
	objectVersion = 55;
	objects = {

/* Begin PBXBuildFile section */
		A45303912806FABA00D0EED0 /* RootCoordinator in Frameworks */ = {isa = PBXBuildFile; productRef = A45303902806FABA00D0EED0 /* RootCoordinator */; };
		A4A47D4928058B5A003CB063 /* AppDelegate.swift in Sources */ = {isa = PBXBuildFile; fileRef = A4A47D4828058B5A003CB063 /* AppDelegate.swift */; };
		A4A47D4B28058B5A003CB063 /* SceneDelegate.swift in Sources */ = {isa = PBXBuildFile; fileRef = A4A47D4A28058B5A003CB063 /* SceneDelegate.swift */; };
		A4A47D5228058B5E003CB063 /* Assets.xcassets in Resources */ = {isa = PBXBuildFile; fileRef = A4A47D5128058B5E003CB063 /* Assets.xcassets */; };
		A4A47D5528058B5E003CB063 /* LaunchScreen.storyboard in Resources */ = {isa = PBXBuildFile; fileRef = A4A47D5328058B5E003CB063 /* LaunchScreen.storyboard */; };
		A4A47D6028058B5E003CB063 /* CSVReaderTests.swift in Sources */ = {isa = PBXBuildFile; fileRef = A4A47D5F28058B5E003CB063 /* CSVReaderTests.swift */; };
		A4A47D6A28058B5E003CB063 /* CSVReaderUITests.swift in Sources */ = {isa = PBXBuildFile; fileRef = A4A47D6928058B5E003CB063 /* CSVReaderUITests.swift */; };
		A4A47D6C28058B5E003CB063 /* CSVReaderUITestsLaunchTests.swift in Sources */ = {isa = PBXBuildFile; fileRef = A4A47D6B28058B5E003CB063 /* CSVReaderUITestsLaunchTests.swift */; };
		A4A47D862805B9BC003CB063 /* FileVisualizer in Frameworks */ = {isa = PBXBuildFile; productRef = A4A47D852805B9BC003CB063 /* FileVisualizer */; };
/* End PBXBuildFile section */

/* Begin PBXContainerItemProxy section */
		A4A47D5C28058B5E003CB063 /* PBXContainerItemProxy */ = {
			isa = PBXContainerItemProxy;
			containerPortal = A4A47D3D28058B5A003CB063 /* Project object */;
			proxyType = 1;
			remoteGlobalIDString = A4A47D4428058B5A003CB063;
			remoteInfo = CSVReader;
		};
		A4A47D6628058B5E003CB063 /* PBXContainerItemProxy */ = {
			isa = PBXContainerItemProxy;
			containerPortal = A4A47D3D28058B5A003CB063 /* Project object */;
			proxyType = 1;
			remoteGlobalIDString = A4A47D4428058B5A003CB063;
			remoteInfo = CSVReader;
		};
/* End PBXContainerItemProxy section */

/* Begin PBXFileReference section */
		A4A47D4528058B5A003CB063 /* CSVReader.app */ = {isa = PBXFileReference; explicitFileType = wrapper.application; includeInIndex = 0; path = CSVReader.app; sourceTree = BUILT_PRODUCTS_DIR; };
		A4A47D4828058B5A003CB063 /* AppDelegate.swift */ = {isa = PBXFileReference; lastKnownFileType = sourcecode.swift; path = AppDelegate.swift; sourceTree = "<group>"; };
		A4A47D4A28058B5A003CB063 /* SceneDelegate.swift */ = {isa = PBXFileReference; lastKnownFileType = sourcecode.swift; path = SceneDelegate.swift; sourceTree = "<group>"; };
		A4A47D5128058B5E003CB063 /* Assets.xcassets */ = {isa = PBXFileReference; lastKnownFileType = folder.assetcatalog; path = Assets.xcassets; sourceTree = "<group>"; };
		A4A47D5428058B5E003CB063 /* Base */ = {isa = PBXFileReference; lastKnownFileType = file.storyboard; name = Base; path = Base.lproj/LaunchScreen.storyboard; sourceTree = "<group>"; };
		A4A47D5628058B5E003CB063 /* Info.plist */ = {isa = PBXFileReference; lastKnownFileType = text.plist.xml; path = Info.plist; sourceTree = "<group>"; };
		A4A47D5B28058B5E003CB063 /* CSVReaderTests.xctest */ = {isa = PBXFileReference; explicitFileType = wrapper.cfbundle; includeInIndex = 0; path = CSVReaderTests.xctest; sourceTree = BUILT_PRODUCTS_DIR; };
		A4A47D5F28058B5E003CB063 /* CSVReaderTests.swift */ = {isa = PBXFileReference; lastKnownFileType = sourcecode.swift; path = CSVReaderTests.swift; sourceTree = "<group>"; };
		A4A47D6528058B5E003CB063 /* CSVReaderUITests.xctest */ = {isa = PBXFileReference; explicitFileType = wrapper.cfbundle; includeInIndex = 0; path = CSVReaderUITests.xctest; sourceTree = BUILT_PRODUCTS_DIR; };
		A4A47D6928058B5E003CB063 /* CSVReaderUITests.swift */ = {isa = PBXFileReference; lastKnownFileType = sourcecode.swift; path = CSVReaderUITests.swift; sourceTree = "<group>"; };
		A4A47D6B28058B5E003CB063 /* CSVReaderUITestsLaunchTests.swift */ = {isa = PBXFileReference; lastKnownFileType = sourcecode.swift; path = CSVReaderUITestsLaunchTests.swift; sourceTree = "<group>"; };
		A4EC67C82808442900DE53E3 /* FileSearch */ = {isa = PBXFileReference; lastKnownFileType = wrapper; name = FileSearch; path = Modules/FileSearch; sourceTree = "<group>"; };
		A4EC67CA2808445700DE53E3 /* FileVisualizer */ = {isa = PBXFileReference; lastKnownFileType = wrapper; name = FileVisualizer; path = Modules/FileVisualizer; sourceTree = "<group>"; };
		A4EC67CB2808447000DE53E3 /* RootCoordinator */ = {isa = PBXFileReference; lastKnownFileType = wrapper; name = RootCoordinator; path = Modules/RootCoordinator; sourceTree = "<group>"; };
/* End PBXFileReference section */

/* Begin PBXFrameworksBuildPhase section */
		A4A47D4228058B5A003CB063 /* Frameworks */ = {
			isa = PBXFrameworksBuildPhase;
			buildActionMask = 2147483647;
			files = (
				A45303912806FABA00D0EED0 /* RootCoordinator in Frameworks */,
				A4A47D862805B9BC003CB063 /* FileVisualizer in Frameworks */,
			);
			runOnlyForDeploymentPostprocessing = 0;
		};
		A4A47D5828058B5E003CB063 /* Frameworks */ = {
			isa = PBXFrameworksBuildPhase;
			buildActionMask = 2147483647;
			files = (
			);
			runOnlyForDeploymentPostprocessing = 0;
		};
		A4A47D6228058B5E003CB063 /* Frameworks */ = {
			isa = PBXFrameworksBuildPhase;
			buildActionMask = 2147483647;
			files = (
			);
			runOnlyForDeploymentPostprocessing = 0;
		};
/* End PBXFrameworksBuildPhase section */

/* Begin PBXGroup section */
		A4A47D3C28058B5A003CB063 = {
			isa = PBXGroup;
			children = (
				A4A47D7828058D0A003CB063 /* Packages */,
				A4A47D4728058B5A003CB063 /* CSVReader */,
				A4A47D5E28058B5E003CB063 /* CSVReaderTests */,
				A4A47D6828058B5E003CB063 /* CSVReaderUITests */,
				A4A47D4628058B5A003CB063 /* Products */,
				A4A47D822805B9B8003CB063 /* Frameworks */,
			);
			sourceTree = "<group>";
		};
		A4A47D4628058B5A003CB063 /* Products */ = {
			isa = PBXGroup;
			children = (
				A4A47D4528058B5A003CB063 /* CSVReader.app */,
				A4A47D5B28058B5E003CB063 /* CSVReaderTests.xctest */,
				A4A47D6528058B5E003CB063 /* CSVReaderUITests.xctest */,
			);
			name = Products;
			sourceTree = "<group>";
		};
		A4A47D4728058B5A003CB063 /* CSVReader */ = {
			isa = PBXGroup;
			children = (
				A4A47D4828058B5A003CB063 /* AppDelegate.swift */,
				A4A47D4A28058B5A003CB063 /* SceneDelegate.swift */,
				A4A47D5128058B5E003CB063 /* Assets.xcassets */,
				A4A47D5328058B5E003CB063 /* LaunchScreen.storyboard */,
				A4A47D5628058B5E003CB063 /* Info.plist */,
			);
			path = CSVReader;
			sourceTree = "<group>";
		};
		A4A47D5E28058B5E003CB063 /* CSVReaderTests */ = {
			isa = PBXGroup;
			children = (
				A4A47D5F28058B5E003CB063 /* CSVReaderTests.swift */,
			);
			path = CSVReaderTests;
			sourceTree = "<group>";
		};
		A4A47D6828058B5E003CB063 /* CSVReaderUITests */ = {
			isa = PBXGroup;
			children = (
				A4A47D6928058B5E003CB063 /* CSVReaderUITests.swift */,
				A4A47D6B28058B5E003CB063 /* CSVReaderUITestsLaunchTests.swift */,
			);
			path = CSVReaderUITests;
			sourceTree = "<group>";
		};
		A4A47D7828058D0A003CB063 /* Packages */ = {
			isa = PBXGroup;
			children = (
				A4EC67C82808442900DE53E3 /* FileSearch */,
				A4EC67CA2808445700DE53E3 /* FileVisualizer */,
				A4EC67CB2808447000DE53E3 /* RootCoordinator */,
			);
			name = Packages;
			sourceTree = "<group>";
		};
		A4A47D822805B9B8003CB063 /* Frameworks */ = {
			isa = PBXGroup;
			children = (
			);
			name = Frameworks;
			sourceTree = "<group>";
		};
/* End PBXGroup section */

/* Begin PBXNativeTarget section */
		A4A47D4428058B5A003CB063 /* CSVReader */ = {
			isa = PBXNativeTarget;
			buildConfigurationList = A4A47D6F28058B5E003CB063 /* Build configuration list for PBXNativeTarget "CSVReader" */;
			buildPhases = (
				A4A47D4128058B5A003CB063 /* Sources */,
				A4A47D4228058B5A003CB063 /* Frameworks */,
				A4A47D4328058B5A003CB063 /* Resources */,
			);
			buildRules = (
			);
			dependencies = (
			);
			name = CSVReader;
			packageProductDependencies = (
				A4A47D852805B9BC003CB063 /* FileVisualizer */,
				A45303902806FABA00D0EED0 /* RootCoordinator */,
			);
			productName = CSVReader;
			productReference = A4A47D4528058B5A003CB063 /* CSVReader.app */;
			productType = "com.apple.product-type.application";
		};
		A4A47D5A28058B5E003CB063 /* CSVReaderTests */ = {
			isa = PBXNativeTarget;
			buildConfigurationList = A4A47D7228058B5E003CB063 /* Build configuration list for PBXNativeTarget "CSVReaderTests" */;
			buildPhases = (
				A4A47D5728058B5E003CB063 /* Sources */,
				A4A47D5828058B5E003CB063 /* Frameworks */,
				A4A47D5928058B5E003CB063 /* Resources */,
			);
			buildRules = (
			);
			dependencies = (
				A4A47D5D28058B5E003CB063 /* PBXTargetDependency */,
			);
			name = CSVReaderTests;
			productName = CSVReaderTests;
			productReference = A4A47D5B28058B5E003CB063 /* CSVReaderTests.xctest */;
			productType = "com.apple.product-type.bundle.unit-test";
		};
		A4A47D6428058B5E003CB063 /* CSVReaderUITests */ = {
			isa = PBXNativeTarget;
			buildConfigurationList = A4A47D7528058B5E003CB063 /* Build configuration list for PBXNativeTarget "CSVReaderUITests" */;
			buildPhases = (
				A4A47D6128058B5E003CB063 /* Sources */,
				A4A47D6228058B5E003CB063 /* Frameworks */,
				A4A47D6328058B5E003CB063 /* Resources */,
			);
			buildRules = (
			);
			dependencies = (
				A4A47D6728058B5E003CB063 /* PBXTargetDependency */,
			);
			name = CSVReaderUITests;
			productName = CSVReaderUITests;
			productReference = A4A47D6528058B5E003CB063 /* CSVReaderUITests.xctest */;
			productType = "com.apple.product-type.bundle.ui-testing";
		};
/* End PBXNativeTarget section */

/* Begin PBXProject section */
		A4A47D3D28058B5A003CB063 /* Project object */ = {
			isa = PBXProject;
			attributes = {
				BuildIndependentTargetsInParallel = 1;
				LastSwiftUpdateCheck = 1320;
				LastUpgradeCheck = 1320;
				TargetAttributes = {
					A4A47D4428058B5A003CB063 = {
						CreatedOnToolsVersion = 13.2.1;
					};
					A4A47D5A28058B5E003CB063 = {
						CreatedOnToolsVersion = 13.2.1;
						TestTargetID = A4A47D4428058B5A003CB063;
					};
					A4A47D6428058B5E003CB063 = {
						CreatedOnToolsVersion = 13.2.1;
						TestTargetID = A4A47D4428058B5A003CB063;
					};
				};
			};
			buildConfigurationList = A4A47D4028058B5A003CB063 /* Build configuration list for PBXProject "CSVReader" */;
			compatibilityVersion = "Xcode 13.0";
			developmentRegion = en;
			hasScannedForEncodings = 0;
			knownRegions = (
				en,
				Base,
			);
			mainGroup = A4A47D3C28058B5A003CB063;
			packageReferences = (
			);
			productRefGroup = A4A47D4628058B5A003CB063 /* Products */;
			projectDirPath = "";
			projectRoot = "";
			targets = (
				A4A47D4428058B5A003CB063 /* CSVReader */,
				A4A47D5A28058B5E003CB063 /* CSVReaderTests */,
				A4A47D6428058B5E003CB063 /* CSVReaderUITests */,
			);
		};
/* End PBXProject section */

/* Begin PBXResourcesBuildPhase section */
		A4A47D4328058B5A003CB063 /* Resources */ = {
			isa = PBXResourcesBuildPhase;
			buildActionMask = 2147483647;
			files = (
				A4A47D5528058B5E003CB063 /* LaunchScreen.storyboard in Resources */,
				A4A47D5228058B5E003CB063 /* Assets.xcassets in Resources */,
			);
			runOnlyForDeploymentPostprocessing = 0;
		};
		A4A47D5928058B5E003CB063 /* Resources */ = {
			isa = PBXResourcesBuildPhase;
			buildActionMask = 2147483647;
			files = (
			);
			runOnlyForDeploymentPostprocessing = 0;
		};
		A4A47D6328058B5E003CB063 /* Resources */ = {
			isa = PBXResourcesBuildPhase;
			buildActionMask = 2147483647;
			files = (
			);
			runOnlyForDeploymentPostprocessing = 0;
		};
/* End PBXResourcesBuildPhase section */

/* Begin PBXSourcesBuildPhase section */
		A4A47D4128058B5A003CB063 /* Sources */ = {
			isa = PBXSourcesBuildPhase;
			buildActionMask = 2147483647;
			files = (
				A4A47D4928058B5A003CB063 /* AppDelegate.swift in Sources */,
				A4A47D4B28058B5A003CB063 /* SceneDelegate.swift in Sources */,
			);
			runOnlyForDeploymentPostprocessing = 0;
		};
		A4A47D5728058B5E003CB063 /* Sources */ = {
			isa = PBXSourcesBuildPhase;
			buildActionMask = 2147483647;
			files = (
				A4A47D6028058B5E003CB063 /* CSVReaderTests.swift in Sources */,
			);
			runOnlyForDeploymentPostprocessing = 0;
		};
		A4A47D6128058B5E003CB063 /* Sources */ = {
			isa = PBXSourcesBuildPhase;
			buildActionMask = 2147483647;
			files = (
				A4A47D6C28058B5E003CB063 /* CSVReaderUITestsLaunchTests.swift in Sources */,
				A4A47D6A28058B5E003CB063 /* CSVReaderUITests.swift in Sources */,
			);
			runOnlyForDeploymentPostprocessing = 0;
		};
/* End PBXSourcesBuildPhase section */

/* Begin PBXTargetDependency section */
		A4A47D5D28058B5E003CB063 /* PBXTargetDependency */ = {
			isa = PBXTargetDependency;
			target = A4A47D4428058B5A003CB063 /* CSVReader */;
			targetProxy = A4A47D5C28058B5E003CB063 /* PBXContainerItemProxy */;
		};
		A4A47D6728058B5E003CB063 /* PBXTargetDependency */ = {
			isa = PBXTargetDependency;
			target = A4A47D4428058B5A003CB063 /* CSVReader */;
			targetProxy = A4A47D6628058B5E003CB063 /* PBXContainerItemProxy */;
		};
/* End PBXTargetDependency section */

/* Begin PBXVariantGroup section */
		A4A47D5328058B5E003CB063 /* LaunchScreen.storyboard */ = {
			isa = PBXVariantGroup;
			children = (
				A4A47D5428058B5E003CB063 /* Base */,
			);
			name = LaunchScreen.storyboard;
			sourceTree = "<group>";
		};
/* End PBXVariantGroup section */

/* Begin XCBuildConfiguration section */
		A4A47D6D28058B5E003CB063 /* Debug */ = {
			isa = XCBuildConfiguration;
			buildSettings = {
				ALWAYS_SEARCH_USER_PATHS = NO;
				CLANG_ANALYZER_NONNULL = YES;
				CLANG_ANALYZER_NUMBER_OBJECT_CONVERSION = YES_AGGRESSIVE;
				CLANG_CXX_LANGUAGE_STANDARD = "gnu++17";
				CLANG_CXX_LIBRARY = "libc++";
				CLANG_ENABLE_MODULES = YES;
				CLANG_ENABLE_OBJC_ARC = YES;
				CLANG_ENABLE_OBJC_WEAK = YES;
				CLANG_WARN_BLOCK_CAPTURE_AUTORELEASING = YES;
				CLANG_WARN_BOOL_CONVERSION = YES;
				CLANG_WARN_COMMA = YES;
				CLANG_WARN_CONSTANT_CONVERSION = YES;
				CLANG_WARN_DEPRECATED_OBJC_IMPLEMENTATIONS = YES;
				CLANG_WARN_DIRECT_OBJC_ISA_USAGE = YES_ERROR;
				CLANG_WARN_DOCUMENTATION_COMMENTS = YES;
				CLANG_WARN_EMPTY_BODY = YES;
				CLANG_WARN_ENUM_CONVERSION = YES;
				CLANG_WARN_INFINITE_RECURSION = YES;
				CLANG_WARN_INT_CONVERSION = YES;
				CLANG_WARN_NON_LITERAL_NULL_CONVERSION = YES;
				CLANG_WARN_OBJC_IMPLICIT_RETAIN_SELF = YES;
				CLANG_WARN_OBJC_LITERAL_CONVERSION = YES;
				CLANG_WARN_OBJC_ROOT_CLASS = YES_ERROR;
				CLANG_WARN_QUOTED_INCLUDE_IN_FRAMEWORK_HEADER = YES;
				CLANG_WARN_RANGE_LOOP_ANALYSIS = YES;
				CLANG_WARN_STRICT_PROTOTYPES = YES;
				CLANG_WARN_SUSPICIOUS_MOVE = YES;
				CLANG_WARN_UNGUARDED_AVAILABILITY = YES_AGGRESSIVE;
				CLANG_WARN_UNREACHABLE_CODE = YES;
				CLANG_WARN__DUPLICATE_METHOD_MATCH = YES;
				COPY_PHASE_STRIP = NO;
				DEBUG_INFORMATION_FORMAT = dwarf;
				ENABLE_STRICT_OBJC_MSGSEND = YES;
				ENABLE_TESTABILITY = YES;
				GCC_C_LANGUAGE_STANDARD = gnu11;
				GCC_DYNAMIC_NO_PIC = NO;
				GCC_NO_COMMON_BLOCKS = YES;
				GCC_OPTIMIZATION_LEVEL = 0;
				GCC_PREPROCESSOR_DEFINITIONS = (
					"DEBUG=1",
					"$(inherited)",
				);
				GCC_WARN_64_TO_32_BIT_CONVERSION = YES;
				GCC_WARN_ABOUT_RETURN_TYPE = YES_ERROR;
				GCC_WARN_UNDECLARED_SELECTOR = YES;
				GCC_WARN_UNINITIALIZED_AUTOS = YES_AGGRESSIVE;
				GCC_WARN_UNUSED_FUNCTION = YES;
				GCC_WARN_UNUSED_VARIABLE = YES;
				IPHONEOS_DEPLOYMENT_TARGET = 15.2;
				MTL_ENABLE_DEBUG_INFO = INCLUDE_SOURCE;
				MTL_FAST_MATH = YES;
				ONLY_ACTIVE_ARCH = YES;
				SDKROOT = iphoneos;
				SWIFT_ACTIVE_COMPILATION_CONDITIONS = DEBUG;
				SWIFT_OPTIMIZATION_LEVEL = "-Onone";
			};
			name = Debug;
		};
		A4A47D6E28058B5E003CB063 /* Release */ = {
			isa = XCBuildConfiguration;
			buildSettings = {
				ALWAYS_SEARCH_USER_PATHS = NO;
				CLANG_ANALYZER_NONNULL = YES;
				CLANG_ANALYZER_NUMBER_OBJECT_CONVERSION = YES_AGGRESSIVE;
				CLANG_CXX_LANGUAGE_STANDARD = "gnu++17";
				CLANG_CXX_LIBRARY = "libc++";
				CLANG_ENABLE_MODULES = YES;
				CLANG_ENABLE_OBJC_ARC = YES;
				CLANG_ENABLE_OBJC_WEAK = YES;
				CLANG_WARN_BLOCK_CAPTURE_AUTORELEASING = YES;
				CLANG_WARN_BOOL_CONVERSION = YES;
				CLANG_WARN_COMMA = YES;
				CLANG_WARN_CONSTANT_CONVERSION = YES;
				CLANG_WARN_DEPRECATED_OBJC_IMPLEMENTATIONS = YES;
				CLANG_WARN_DIRECT_OBJC_ISA_USAGE = YES_ERROR;
				CLANG_WARN_DOCUMENTATION_COMMENTS = YES;
				CLANG_WARN_EMPTY_BODY = YES;
				CLANG_WARN_ENUM_CONVERSION = YES;
				CLANG_WARN_INFINITE_RECURSION = YES;
				CLANG_WARN_INT_CONVERSION = YES;
				CLANG_WARN_NON_LITERAL_NULL_CONVERSION = YES;
				CLANG_WARN_OBJC_IMPLICIT_RETAIN_SELF = YES;
				CLANG_WARN_OBJC_LITERAL_CONVERSION = YES;
				CLANG_WARN_OBJC_ROOT_CLASS = YES_ERROR;
				CLANG_WARN_QUOTED_INCLUDE_IN_FRAMEWORK_HEADER = YES;
				CLANG_WARN_RANGE_LOOP_ANALYSIS = YES;
				CLANG_WARN_STRICT_PROTOTYPES = YES;
				CLANG_WARN_SUSPICIOUS_MOVE = YES;
				CLANG_WARN_UNGUARDED_AVAILABILITY = YES_AGGRESSIVE;
				CLANG_WARN_UNREACHABLE_CODE = YES;
				CLANG_WARN__DUPLICATE_METHOD_MATCH = YES;
				COPY_PHASE_STRIP = NO;
				DEBUG_INFORMATION_FORMAT = "dwarf-with-dsym";
				ENABLE_NS_ASSERTIONS = NO;
				ENABLE_STRICT_OBJC_MSGSEND = YES;
				GCC_C_LANGUAGE_STANDARD = gnu11;
				GCC_NO_COMMON_BLOCKS = YES;
				GCC_WARN_64_TO_32_BIT_CONVERSION = YES;
				GCC_WARN_ABOUT_RETURN_TYPE = YES_ERROR;
				GCC_WARN_UNDECLARED_SELECTOR = YES;
				GCC_WARN_UNINITIALIZED_AUTOS = YES_AGGRESSIVE;
				GCC_WARN_UNUSED_FUNCTION = YES;
				GCC_WARN_UNUSED_VARIABLE = YES;
				IPHONEOS_DEPLOYMENT_TARGET = 15.2;
				MTL_ENABLE_DEBUG_INFO = NO;
				MTL_FAST_MATH = YES;
				SDKROOT = iphoneos;
				SWIFT_COMPILATION_MODE = wholemodule;
				SWIFT_OPTIMIZATION_LEVEL = "-O";
				VALIDATE_PRODUCT = YES;
			};
			name = Release;
		};
		A4A47D7028058B5E003CB063 /* Debug */ = {
			isa = XCBuildConfiguration;
			buildSettings = {
				ASSETCATALOG_COMPILER_APPICON_NAME = AppIcon;
				ASSETCATALOG_COMPILER_GLOBAL_ACCENT_COLOR_NAME = AccentColor;
				CODE_SIGN_STYLE = Automatic;
				CURRENT_PROJECT_VERSION = 1;
				DEVELOPMENT_TEAM = FKL6U359R6;
				GENERATE_INFOPLIST_FILE = YES;
				INFOPLIST_FILE = CSVReader/Info.plist;
				INFOPLIST_KEY_UIApplicationSupportsIndirectInputEvents = YES;
				INFOPLIST_KEY_UILaunchStoryboardName = LaunchScreen;
				INFOPLIST_KEY_UISupportedInterfaceOrientations = UIInterfaceOrientationPortrait;
				INFOPLIST_KEY_UISupportedInterfaceOrientations_iPad = "UIInterfaceOrientationPortrait UIInterfaceOrientationPortraitUpsideDown UIInterfaceOrientationLandscapeLeft UIInterfaceOrientationLandscapeRight";
				INFOPLIST_KEY_UISupportedInterfaceOrientations_iPhone = "UIInterfaceOrientationPortrait UIInterfaceOrientationLandscapeLeft UIInterfaceOrientationLandscapeRight";
				IPHONEOS_DEPLOYMENT_TARGET = 14.0;
				LD_RUNPATH_SEARCH_PATHS = (
					"$(inherited)",
					"@executable_path/Frameworks",
				);
				MARKETING_VERSION = 1.0;
				PRODUCT_BUNDLE_IDENTIFIER = com.test.CSVReader;
				PRODUCT_NAME = "$(TARGET_NAME)";
				SWIFT_EMIT_LOC_STRINGS = YES;
				SWIFT_VERSION = 5.0;
				TARGETED_DEVICE_FAMILY = 1;
			};
			name = Debug;
		};
		A4A47D7128058B5E003CB063 /* Release */ = {
			isa = XCBuildConfiguration;
			buildSettings = {
				ASSETCATALOG_COMPILER_APPICON_NAME = AppIcon;
				ASSETCATALOG_COMPILER_GLOBAL_ACCENT_COLOR_NAME = AccentColor;
				CODE_SIGN_STYLE = Automatic;
				CURRENT_PROJECT_VERSION = 1;
				DEVELOPMENT_TEAM = FKL6U359R6;
				GENERATE_INFOPLIST_FILE = YES;
				INFOPLIST_FILE = CSVReader/Info.plist;
				INFOPLIST_KEY_UIApplicationSupportsIndirectInputEvents = YES;
				INFOPLIST_KEY_UILaunchStoryboardName = LaunchScreen;
				INFOPLIST_KEY_UISupportedInterfaceOrientations = UIInterfaceOrientationPortrait;
				INFOPLIST_KEY_UISupportedInterfaceOrientations_iPad = "UIInterfaceOrientationPortrait UIInterfaceOrientationPortraitUpsideDown UIInterfaceOrientationLandscapeLeft UIInterfaceOrientationLandscapeRight";
				INFOPLIST_KEY_UISupportedInterfaceOrientations_iPhone = "UIInterfaceOrientationPortrait UIInterfaceOrientationLandscapeLeft UIInterfaceOrientationLandscapeRight";
				IPHONEOS_DEPLOYMENT_TARGET = 14.0;
				LD_RUNPATH_SEARCH_PATHS = (
					"$(inherited)",
					"@executable_path/Frameworks",
				);
				MARKETING_VERSION = 1.0;
				PRODUCT_BUNDLE_IDENTIFIER = com.test.CSVReader;
				PRODUCT_NAME = "$(TARGET_NAME)";
				SWIFT_EMIT_LOC_STRINGS = YES;
				SWIFT_VERSION = 5.0;
				TARGETED_DEVICE_FAMILY = 1;
			};
			name = Release;
		};
		A4A47D7328058B5E003CB063 /* Debug */ = {
			isa = XCBuildConfiguration;
			buildSettings = {
				ALWAYS_EMBED_SWIFT_STANDARD_LIBRARIES = YES;
				BUNDLE_LOADER = "$(TEST_HOST)";
				CODE_SIGN_STYLE = Automatic;
				CURRENT_PROJECT_VERSION = 1;
				DEVELOPMENT_TEAM = FKL6U359R6;
				GENERATE_INFOPLIST_FILE = YES;
				IPHONEOS_DEPLOYMENT_TARGET = 15.2;
				MARKETING_VERSION = 1.0;
				PRODUCT_BUNDLE_IDENTIFIER = com.test.CSVReaderTests;
				PRODUCT_NAME = "$(TARGET_NAME)";
				SWIFT_EMIT_LOC_STRINGS = NO;
				SWIFT_VERSION = 5.0;
				TARGETED_DEVICE_FAMILY = "1,2";
				TEST_HOST = "$(BUILT_PRODUCTS_DIR)/CSVReader.app/CSVReader";
			};
			name = Debug;
		};
		A4A47D7428058B5E003CB063 /* Release */ = {
			isa = XCBuildConfiguration;
			buildSettings = {
				ALWAYS_EMBED_SWIFT_STANDARD_LIBRARIES = YES;
				BUNDLE_LOADER = "$(TEST_HOST)";
				CODE_SIGN_STYLE = Automatic;
				CURRENT_PROJECT_VERSION = 1;
				DEVELOPMENT_TEAM = FKL6U359R6;
				GENERATE_INFOPLIST_FILE = YES;
				IPHONEOS_DEPLOYMENT_TARGET = 15.2;
				MARKETING_VERSION = 1.0;
				PRODUCT_BUNDLE_IDENTIFIER = com.test.CSVReaderTests;
				PRODUCT_NAME = "$(TARGET_NAME)";
				SWIFT_EMIT_LOC_STRINGS = NO;
				SWIFT_VERSION = 5.0;
				TARGETED_DEVICE_FAMILY = "1,2";
				TEST_HOST = "$(BUILT_PRODUCTS_DIR)/CSVReader.app/CSVReader";
			};
			name = Release;
		};
		A4A47D7628058B5E003CB063 /* Debug */ = {
			isa = XCBuildConfiguration;
			buildSettings = {
				ALWAYS_EMBED_SWIFT_STANDARD_LIBRARIES = YES;
				CODE_SIGN_STYLE = Automatic;
				CURRENT_PROJECT_VERSION = 1;
				DEVELOPMENT_TEAM = FKL6U359R6;
				GENERATE_INFOPLIST_FILE = YES;
				MARKETING_VERSION = 1.0;
				PRODUCT_BUNDLE_IDENTIFIER = com.test.CSVReaderUITests;
				PRODUCT_NAME = "$(TARGET_NAME)";
				SWIFT_EMIT_LOC_STRINGS = NO;
				SWIFT_VERSION = 5.0;
				TARGETED_DEVICE_FAMILY = "1,2";
				TEST_TARGET_NAME = CSVReader;
			};
			name = Debug;
		};
		A4A47D7728058B5E003CB063 /* Release */ = {
			isa = XCBuildConfiguration;
			buildSettings = {
				ALWAYS_EMBED_SWIFT_STANDARD_LIBRARIES = YES;
				CODE_SIGN_STYLE = Automatic;
				CURRENT_PROJECT_VERSION = 1;
				DEVELOPMENT_TEAM = FKL6U359R6;
				GENERATE_INFOPLIST_FILE = YES;
				MARKETING_VERSION = 1.0;
				PRODUCT_BUNDLE_IDENTIFIER = com.test.CSVReaderUITests;
				PRODUCT_NAME = "$(TARGET_NAME)";
				SWIFT_EMIT_LOC_STRINGS = NO;
				SWIFT_VERSION = 5.0;
				TARGETED_DEVICE_FAMILY = "1,2";
				TEST_TARGET_NAME = CSVReader;
			};
			name = Release;
		};
/* End XCBuildConfiguration section */

/* Begin XCConfigurationList section */
		A4A47D4028058B5A003CB063 /* Build configuration list for PBXProject "CSVReader" */ = {
			isa = XCConfigurationList;
			buildConfigurations = (
				A4A47D6D28058B5E003CB063 /* Debug */,
				A4A47D6E28058B5E003CB063 /* Release */,
			);
			defaultConfigurationIsVisible = 0;
			defaultConfigurationName = Release;
		};
		A4A47D6F28058B5E003CB063 /* Build configuration list for PBXNativeTarget "CSVReader" */ = {
			isa = XCConfigurationList;
			buildConfigurations = (
				A4A47D7028058B5E003CB063 /* Debug */,
				A4A47D7128058B5E003CB063 /* Release */,
			);
			defaultConfigurationIsVisible = 0;
			defaultConfigurationName = Release;
		};
		A4A47D7228058B5E003CB063 /* Build configuration list for PBXNativeTarget "CSVReaderTests" */ = {
			isa = XCConfigurationList;
			buildConfigurations = (
				A4A47D7328058B5E003CB063 /* Debug */,
				A4A47D7428058B5E003CB063 /* Release */,
			);
			defaultConfigurationIsVisible = 0;
			defaultConfigurationName = Release;
		};
		A4A47D7528058B5E003CB063 /* Build configuration list for PBXNativeTarget "CSVReaderUITests" */ = {
			isa = XCConfigurationList;
			buildConfigurations = (
				A4A47D7628058B5E003CB063 /* Debug */,
				A4A47D7728058B5E003CB063 /* Release */,
			);
			defaultConfigurationIsVisible = 0;
			defaultConfigurationName = Release;
		};
/* End XCConfigurationList section */

/* Begin XCSwiftPackageProductDependency section */
		A45303902806FABA00D0EED0 /* RootCoordinator */ = {
			isa = XCSwiftPackageProductDependency;
			productName = RootCoordinator;
		};
		A4A47D852805B9BC003CB063 /* FileVisualizer */ = {
			isa = XCSwiftPackageProductDependency;
			productName = FileVisualizer;
		};
/* End XCSwiftPackageProductDependency section */
	};
	rootObject = A4A47D3D28058B5A003CB063 /* Project object */;
}
